// !$*UTF8*$!
{
	archiveVersion = 1;
	classes = {
	};
	objectVersion = 56;
	objects = {

/* Begin PBXBuildFile section */
		A10001 /* get2gethrApp.swift in Sources */ = {isa = PBXBuildFile; fileRef = A20001; };
		A10002 /* ContentView.swift in Sources */ = {isa = PBXBuildFile; fileRef = A20002; };
		A10003 /* Assets.xcassets in Resources */ = {isa = PBXBuildFile; fileRef = A20003; };
		A10004 /* APIClient.swift in Sources */ = {isa = PBXBuildFile; fileRef = A20004; };
		A10005 /* Models.swift in Sources */ = {isa = PBXBuildFile; fileRef = A20005; };
		A10006 /* CreateEventView.swift in Sources */ = {isa = PBXBuildFile; fileRef = A20006; };
		A10007 /* EventDashboardView.swift in Sources */ = {isa = PBXBuildFile; fileRef = A20007; };
		A10008 /* InviteView.swift in Sources */ = {isa = PBXBuildFile; fileRef = A20008; };
		A10009 /* SlotConfirmView.swift in Sources */ = {isa = PBXBuildFile; fileRef = A20009; };
		A10010 /* Theme.swift in Sources */ = {isa = PBXBuildFile; fileRef = A20010; };
		A10011 /* ParticipantChipField.swift in Sources */ = {isa = PBXBuildFile; fileRef = A20011; };
		A10012 /* StatusBanner.swift in Sources */ = {isa = PBXBuildFile; fileRef = A20012; };
		A10013 /* Preview Assets.xcassets in Resources */ = {isa = PBXBuildFile; fileRef = A20013; };
		A10014 /* DeepLink.swift in Sources */ = {isa = PBXBuildFile; fileRef = A20014; };
		A10015 /* ScheduleImageReader.swift in Sources */ = {isa = PBXBuildFile; fileRef = A20016; };
		A10016 /* ScheduleImportView.swift in Sources */ = {isa = PBXBuildFile; fileRef = A20017; };
/* End PBXBuildFile section */

/* Begin PBXFileReference section */
		A20001 /* get2gethrApp.swift */ = {isa = PBXFileReference; lastKnownFileType = sourcecode.swift; path = get2gethrApp.swift; sourceTree = "<group>"; };
		A20002 /* ContentView.swift */ = {isa = PBXFileReference; lastKnownFileType = sourcecode.swift; path = ContentView.swift; sourceTree = "<group>"; };
		A20003 /* Assets.xcassets */ = {isa = PBXFileReference; lastKnownFileType = folder.assetcatalog; path = Assets.xcassets; sourceTree = "<group>"; };
		A20004 /* APIClient.swift */ = {isa = PBXFileReference; lastKnownFileType = sourcecode.swift; path = APIClient.swift; sourceTree = "<group>"; };
		A20005 /* Models.swift */ = {isa = PBXFileReference; lastKnownFileType = sourcecode.swift; path = Models.swift; sourceTree = "<group>"; };
		A20006 /* CreateEventView.swift */ = {isa = PBXFileReference; lastKnownFileType = sourcecode.swift; path = CreateEventView.swift; sourceTree = "<group>"; };
		A20007 /* EventDashboardView.swift */ = {isa = PBXFileReference; lastKnownFileType = sourcecode.swift; path = EventDashboardView.swift; sourceTree = "<group>"; };
		A20008 /* InviteView.swift */ = {isa = PBXFileReference; lastKnownFileType = sourcecode.swift; path = InviteView.swift; sourceTree = "<group>"; };
		A20009 /* SlotConfirmView.swift */ = {isa = PBXFileReference; lastKnownFileType = sourcecode.swift; path = SlotConfirmView.swift; sourceTree = "<group>"; };
		A20010 /* Theme.swift */ = {isa = PBXFileReference; lastKnownFileType = sourcecode.swift; path = Theme.swift; sourceTree = "<group>"; };
		A20011 /* ParticipantChipField.swift */ = {isa = PBXFileReference; lastKnownFileType = sourcecode.swift; path = ParticipantChipField.swift; sourceTree = "<group>"; };
		A20012 /* StatusBanner.swift */ = {isa = PBXFileReference; lastKnownFileType = sourcecode.swift; path = StatusBanner.swift; sourceTree = "<group>"; };
		A20013 /* Preview Assets.xcassets */ = {isa = PBXFileReference; lastKnownFileType = folder.assetcatalog; path = "Preview Assets.xcassets"; sourceTree = "<group>"; };
		A20014 /* DeepLink.swift */ = {isa = PBXFileReference; lastKnownFileType = sourcecode.swift; path = DeepLink.swift; sourceTree = "<group>"; };
		A20015 /* get2gethr.entitlements */ = {isa = PBXFileReference; lastKnownFileType = text.plist.entitlements; path = get2gethr.entitlements; sourceTree = "<group>"; };
		A20016 /* ScheduleImageReader.swift */ = {isa = PBXFileReference; lastKnownFileType = sourcecode.swift; path = ScheduleImageReader.swift; sourceTree = "<group>"; };
		A20017 /* ScheduleImportView.swift */ = {isa = PBXFileReference; lastKnownFileType = sourcecode.swift; path = ScheduleImportView.swift; sourceTree = "<group>"; };
		A30001 /* get2gethr.app */ = {isa = PBXFileReference; explicitFileType = wrapper.application; includeInIndex = 0; path = get2gethr.app; sourceTree = BUILT_PRODUCTS_DIR; };
/* End PBXFileReference section */

/* Begin PBXFrameworksBuildPhase section */
		A40001 /* Frameworks */ = {
			isa = PBXFrameworksBuildPhase;
			buildActionMask = 2147483647;
			files = (
			);
			runOnlyForDeploymentPostprocessing = 0;
		};
/* End PBXFrameworksBuildPhase section */

/* Begin PBXGroup section */
		A50001 = {
			isa = PBXGroup;
			children = (
				A50002 /* get2gethr */,
				A50005 /* Products */,
			);
			sourceTree = "<group>";
		};
		A50002 /* get2gethr */ = {
			isa = PBXGroup;
			children = (
				A20001 /* get2gethrApp.swift */,
				A20002 /* ContentView.swift */,
				A20015 /* get2gethr.entitlements */,
				A20003 /* Assets.xcassets */,
				A50003 /* Models */,
				A50004 /* Services */,
				A50006 /* Views */,
				A50007 /* Components */,
				A50008 /* Preview Content */,
			);
			path = get2gethr;
			sourceTree = "<group>";
		};
		A50003 /* Models */ = {
			isa = PBXGroup;
			children = (
				A20005 /* Models.swift */,
				A20010 /* Theme.swift */,
			);
			path = Models;
			sourceTree = "<group>";
		};
		A50004 /* Services */ = {
			isa = PBXGroup;
			children = (
				A20004 /* APIClient.swift */,
				A20014 /* DeepLink.swift */,
				A20016 /* ScheduleImageReader.swift */,
			);
			path = Services;
			sourceTree = "<group>";
		};
		A50005 /* Products */ = {
			isa = PBXGroup;
			children = (
				A30001 /* get2gethr.app */,
			);
			name = Products;
			sourceTree = "<group>";
		};
		A50006 /* Views */ = {
			isa = PBXGroup;
			children = (
				A20006 /* CreateEventView.swift */,
				A20007 /* EventDashboardView.swift */,
				A20008 /* InviteView.swift */,
				A20009 /* SlotConfirmView.swift */,
				A20017 /* ScheduleImportView.swift */,
			);
			path = Views;
			sourceTree = "<group>";
		};
		A50007 /* Components */ = {
			isa = PBXGroup;
			children = (
				A20011 /* ParticipantChipField.swift */,
				A20012 /* StatusBanner.swift */,
			);
			path = Components;
			sourceTree = "<group>";
		};
		A50008 /* Preview Content */ = {
			isa = PBXGroup;
			children = (
				A20013 /* Preview Assets.xcassets */,
			);
			path = "Preview Content";
			sourceTree = "<group>";
		};
/* End PBXGroup section */

/* Begin PBXNativeTarget section */
		A60001 /* get2gethr */ = {
			isa = PBXNativeTarget;
			buildConfigurationList = A80002 /* Build configuration list for PBXNativeTarget "get2gethr" */;
			buildPhases = (
				A70001 /* Sources */,
				A40001 /* Frameworks */,
				A70002 /* Resources */,
			);
			buildRules = (
			);
			dependencies = (
			);
			name = get2gethr;
			productName = get2gethr;
			productReference = A30001 /* get2gethr.app */;
			productType = "com.apple.product-type.application";
		};
/* End PBXNativeTarget section */

/* Begin PBXProject section */
		A60002 /* Project object */ = {
			isa = PBXProject;
			attributes = {
				BuildIndependentTargetsInParallel = 1;
				LastSwiftUpdateCheck = 1600;
				LastUpgradeCheck = 1600;
				TargetAttributes = {
					A60001 = {
						CreatedOnToolsVersion = 16.0;
					};
				};
			};
			buildConfigurationList = A80001 /* Build configuration list for PBXProject "get2gethr" */;
			compatibilityVersion = "Xcode 14.0";
			developmentRegion = en;
			hasScannedForEncodings = 0;
			knownRegions = (
				en,
				Base,
			);
			mainGroup = A50001;
			productRefGroup = A50005 /* Products */;
			projectDirPath = "";
			projectRoot = "";
			targets = (
				A60001 /* get2gethr */,
			);
		};
/* End PBXProject section */

/* Begin PBXResourcesBuildPhase section */
		A70002 /* Resources */ = {
			isa = PBXResourcesBuildPhase;
			buildActionMask = 2147483647;
			files = (
				A10003 /* Assets.xcassets in Resources */,
				A10013 /* Preview Assets.xcassets in Resources */,
			);
			runOnlyForDeploymentPostprocessing = 0;
		};
/* End PBXResourcesBuildPhase section */

/* Begin PBXSourcesBuildPhase section */
		A70001 /* Sources */ = {
			isa = PBXSourcesBuildPhase;
			buildActionMask = 2147483647;
			files = (
				A10001 /* get2gethrApp.swift in Sources */,
				A10002 /* ContentView.swift in Sources */,
				A10014 /* DeepLink.swift in Sources */,
				A10004 /* APIClient.swift in Sources */,
				A10005 /* Models.swift in Sources */,
				A10006 /* CreateEventView.swift in Sources */,
				A10007 /* EventDashboardView.swift in Sources */,
				A10008 /* InviteView.swift in Sources */,
				A10009 /* SlotConfirmView.swift in Sources */,
				A10010 /* Theme.swift in Sources */,
				A10011 /* ParticipantChipField.swift in Sources */,
				A10012 /* StatusBanner.swift in Sources */,
				A10015 /* ScheduleImageReader.swift in Sources */,
				A10016 /* ScheduleImportView.swift in Sources */,
			);
			runOnlyForDeploymentPostprocessing = 0;
		};
/* End PBXSourcesBuildPhase section */

/* Begin XCBuildConfiguration section */
		A90001 /* Debug */ = {
			isa = XCBuildConfiguration;
			buildSettings = {
				ALWAYS_SEARCH_USER_PATHS = NO;
				ASSETCATALOG_COMPILER_GENERATE_SWIFT_ASSET_SYMBOL_EXTENSIONS = YES;
				CLANG_ANALYZER_NONNULL = YES;
				CLANG_CXX_LANGUAGE_STANDARD = "gnu++20";
				CLANG_ENABLE_MODULES = YES;
				CLANG_ENABLE_OBJC_ARC = YES;
				COPY_PHASE_STRIP = NO;
				DEBUG_INFORMATION_FORMAT = dwarf;
				ENABLE_STRICT_OBJC_MSGSEND = YES;
				ENABLE_TESTABILITY = YES;
				GCC_DYNAMIC_NO_PIC = NO;
				GCC_OPTIMIZATION_LEVEL = 0;
				GCC_PREPROCESSOR_DEFINITIONS = (
					"DEBUG=1",
					"$(inherited)",
				);
				GCC_WARN_ABOUT_RETURN_TYPE = YES_ERROR;
				GCC_WARN_UNINITIALIZED_AUTOS = YES_AGGRESSIVE;
				IPHONEOS_DEPLOYMENT_TARGET = 17.0;
				MTL_ENABLE_DEBUG_INFO = INCLUDE_SOURCE;
				ONLY_ACTIVE_ARCH = YES;
				SDKROOT = iphoneos;
				SWIFT_ACTIVE_COMPILATION_CONDITIONS = "$(inherited) DEBUG";
				SWIFT_OPTIMIZATION_LEVEL = "-Onone";
			};
			name = Debug;
		};
		A90002 /* Release */ = {
			isa = XCBuildConfiguration;
			buildSettings = {
				ALWAYS_SEARCH_USER_PATHS = NO;
				ASSETCATALOG_COMPILER_GENERATE_SWIFT_ASSET_SYMBOL_EXTENSIONS = YES;
				CLANG_ANALYZER_NONNULL = YES;
				CLANG_CXX_LANGUAGE_STANDARD = "gnu++20";
				CLANG_ENABLE_MODULES = YES;
				CLANG_ENABLE_OBJC_ARC = YES;
				COPY_PHASE_STRIP = NO;
				DEBUG_INFORMATION_FORMAT = "dwarf-with-dsym";
				ENABLE_NS_ASSERTIONS = NO;
				ENABLE_STRICT_OBJC_MSGSEND = YES;
				GCC_WARN_ABOUT_RETURN_TYPE = YES_ERROR;
				GCC_WARN_UNINITIALIZED_AUTOS = YES_AGGRESSIVE;
				IPHONEOS_DEPLOYMENT_TARGET = 17.0;
				SDKROOT = iphoneos;
				SWIFT_COMPILATION_MODE = wholemodule;
				VALIDATE_PRODUCT = YES;
			};
			name = Release;
		};
		A90003 /* Debug */ = {
			isa = XCBuildConfiguration;
			buildSettings = {
				ASSETCATALOG_COMPILER_APPICON_NAME = AppIcon;
				ASSETCATALOG_COMPILER_GLOBAL_ACCENT_COLOR_NAME = AccentColor;
				CODE_SIGN_ENTITLEMENTS = get2gethr/get2gethr.entitlements;
				CODE_SIGN_STYLE = Automatic;
				CURRENT_PROJECT_VERSION = 1;
				DEVELOPMENT_ASSET_PATHS = "\"get2gethr/Preview Content\"";
				DEVELOPMENT_TEAM = X5BKD97T2F;
				ENABLE_PREVIEWS = YES;
				GENERATE_INFOPLIST_FILE = YES;
				GET2GETHR_BASE_URL = "http://localhost:3100";
				INFOPLIST_FILE = get2gethr/Info.plist;
				INFOPLIST_KEY_UIApplicationSceneManifest_Generation = YES;
				INFOPLIST_KEY_UIApplicationSupportsIndirectInputEvents = YES;
				INFOPLIST_KEY_UILaunchScreen_Generation = YES;
				INFOPLIST_KEY_UISupportedInterfaceOrientations_iPhone = "UIInterfaceOrientationPortrait UIInterfaceOrientationLandscapeLeft UIInterfaceOrientationLandscapeRight";
				LD_RUNPATH_SEARCH_PATHS = (
					"$(inherited)",
					"@executable_path/Frameworks",
				);
				MARKETING_VERSION = 1.0;
				PRODUCT_BUNDLE_IDENTIFIER = com.ianhandy.get2gethr;
				PRODUCT_NAME = "$(TARGET_NAME)";
				SWIFT_EMIT_LOC_STRINGS = YES;
				SWIFT_VERSION = 5.0;
				TARGETED_DEVICE_FAMILY = 1;
			};
			name = Debug;
		};
		A90004 /* Release */ = {
			isa = XCBuildConfiguration;
			buildSettings = {
				ASSETCATALOG_COMPILER_APPICON_NAME = AppIcon;
				ASSETCATALOG_COMPILER_GLOBAL_ACCENT_COLOR_NAME = AccentColor;
				CODE_SIGN_ENTITLEMENTS = get2gethr/get2gethr.entitlements;
				CODE_SIGN_STYLE = Automatic;
				CURRENT_PROJECT_VERSION = 1;
				DEVELOPMENT_ASSET_PATHS = "\"get2gethr/Preview Content\"";
				DEVELOPMENT_TEAM = X5BKD97T2F;
				ENABLE_PREVIEWS = YES;
				GENERATE_INFOPLIST_FILE = YES;
				GET2GETHR_BASE_URL = "https://finda.day";
				INFOPLIST_FILE = get2gethr/Info.plist;
				INFOPLIST_KEY_UIApplicationSceneManifest_Generation = YES;
				INFOPLIST_KEY_UIApplicationSupportsIndirectInputEvents = YES;
				INFOPLIST_KEY_UILaunchScreen_Generation = YES;
				INFOPLIST_KEY_UISupportedInterfaceOrientations_iPhone = "UIInterfaceOrientationPortrait UIInterfaceOrientationLandscapeLeft UIInterfaceOrientationLandscapeRight";
				LD_RUNPATH_SEARCH_PATHS = (
					"$(inherited)",
					"@executable_path/Frameworks",
				);
				MARKETING_VERSION = 1.0;
				PRODUCT_BUNDLE_IDENTIFIER = com.ianhandy.get2gethr;
				PRODUCT_NAME = "$(TARGET_NAME)";
				SWIFT_EMIT_LOC_STRINGS = YES;
				SWIFT_VERSION = 5.0;
				TARGETED_DEVICE_FAMILY = 1;
			};
			name = Release;
		};
/* End XCBuildConfiguration section */

/* Begin XCConfigurationList section */
		A80001 /* Build configuration list for PBXProject "get2gethr" */ = {
			isa = XCConfigurationList;
			buildConfigurations = (
				A90001 /* Debug */,
				A90002 /* Release */,
			);
			defaultConfigurationIsVisible = 0;
			defaultConfigurationName = Release;
		};
		A80002 /* Build configuration list for PBXNativeTarget "get2gethr" */ = {
			isa = XCConfigurationList;
			buildConfigurations = (
				A90003 /* Debug */,
				A90004 /* Release */,
			);
			defaultConfigurationIsVisible = 0;
			defaultConfigurationName = Release;
		};
/* End XCConfigurationList section */

	};
	rootObject = A60002 /* Project object */;
}
